// !$*UTF8*$!
{
	archiveVersion = 1;
	classes = {
	};
	objectVersion = 51;
	objects = {

/* Begin PBXBuildFile section */
		63ABF42A5F1544ADDB8477BD /* Pods_LocalizationHelperDemo.framework in Frameworks */ = {isa = PBXBuildFile; fileRef = A2FB9932DFB11022B0C2AFDF /* Pods_LocalizationHelperDemo.framework */; };
		BCD5365F25ABF9B3002166E1 /* AppDelegate.swift in Sources */ = {isa = PBXBuildFile; fileRef = BCD5365E25ABF9B3002166E1 /* AppDelegate.swift */; };
		BCD5366125ABF9B3002166E1 /* SceneDelegate.swift in Sources */ = {isa = PBXBuildFile; fileRef = BCD5366025ABF9B3002166E1 /* SceneDelegate.swift */; };
		BCD5366325ABF9B3002166E1 /* ViewController.swift in Sources */ = {isa = PBXBuildFile; fileRef = BCD5366225ABF9B3002166E1 /* ViewController.swift */; };
		BCD5366825ABF9B5002166E1 /* Assets.xcassets in Resources */ = {isa = PBXBuildFile; fileRef = BCD5366725ABF9B5002166E1 /* Assets.xcassets */; };
		BCD5366B25ABF9B5002166E1 /* LaunchScreen.storyboard in Resources */ = {isa = PBXBuildFile; fileRef = BCD5366925ABF9B5002166E1 /* LaunchScreen.storyboard */; };
/* End PBXBuildFile section */

/* Begin PBXFileReference section */
		A2FB9932DFB11022B0C2AFDF /* Pods_LocalizationHelperDemo.framework */ = {isa = PBXFileReference; explicitFileType = wrapper.framework; includeInIndex = 0; path = Pods_LocalizationHelperDemo.framework; sourceTree = BUILT_PRODUCTS_DIR; };
		A5C447DCEB09E194C74A3844 /* Pods-LocalizationHelperDemo.release.xcconfig */ = {isa = PBXFileReference; includeInIndex = 1; lastKnownFileType = text.xcconfig; name = "Pods-LocalizationHelperDemo.release.xcconfig"; path = "Target Support Files/Pods-LocalizationHelperDemo/Pods-LocalizationHelperDemo.release.xcconfig"; sourceTree = "<group>"; };
		BCD5365B25ABF9B3002166E1 /* LocalizationHelperDemo.app */ = {isa = PBXFileReference; explicitFileType = wrapper.application; includeInIndex = 0; path = LocalizationHelperDemo.app; sourceTree = BUILT_PRODUCTS_DIR; };
		BCD5365E25ABF9B3002166E1 /* AppDelegate.swift */ = {isa = PBXFileReference; lastKnownFileType = sourcecode.swift; path = AppDelegate.swift; sourceTree = "<group>"; };
		BCD5366025ABF9B3002166E1 /* SceneDelegate.swift */ = {isa = PBXFileReference; lastKnownFileType = sourcecode.swift; path = SceneDelegate.swift; sourceTree = "<group>"; };
		BCD5366225ABF9B3002166E1 /* ViewController.swift */ = {isa = PBXFileReference; lastKnownFileType = sourcecode.swift; path = ViewController.swift; sourceTree = "<group>"; };
		BCD5366725ABF9B5002166E1 /* Assets.xcassets */ = {isa = PBXFileReference; lastKnownFileType = folder.assetcatalog; path = Assets.xcassets; sourceTree = "<group>"; };
		BCD5366A25ABF9B5002166E1 /* Base */ = {isa = PBXFileReference; lastKnownFileType = file.storyboard; name = Base; path = Base.lproj/LaunchScreen.storyboard; sourceTree = "<group>"; };
		BCD5366C25ABF9B5002166E1 /* Info.plist */ = {isa = PBXFileReference; lastKnownFileType = text.plist.xml; path = Info.plist; sourceTree = "<group>"; };
		E2A1B4EC0548FE43B40918F6 /* Pods-LocalizationHelperDemo.debug.xcconfig */ = {isa = PBXFileReference; includeInIndex = 1; lastKnownFileType = text.xcconfig; name = "Pods-LocalizationHelperDemo.debug.xcconfig"; path = "Target Support Files/Pods-LocalizationHelperDemo/Pods-LocalizationHelperDemo.debug.xcconfig"; sourceTree = "<group>"; };
/* End PBXFileReference section */

/* Begin PBXFrameworksBuildPhase section */
		BCD5365825ABF9B3002166E1 /* Frameworks */ = {
			isa = PBXFrameworksBuildPhase;
			buildActionMask = 2147483647;
			files = (
				63ABF42A5F1544ADDB8477BD /* Pods_LocalizationHelperDemo.framework in Frameworks */,
			);
			runOnlyForDeploymentPostprocessing = 0;
		};
/* End PBXFrameworksBuildPhase section */

/* Begin PBXGroup section */
		4E3748A917A37163D7736D33 /* Pods */ = {
			isa = PBXGroup;
			children = (
				E2A1B4EC0548FE43B40918F6 /* Pods-LocalizationHelperDemo.debug.xcconfig */,
				A5C447DCEB09E194C74A3844 /* Pods-LocalizationHelperDemo.release.xcconfig */,
			);
			name = Pods;
			path = ../Pods;
			sourceTree = "<group>";
		};
		BCD5365225ABF9B3002166E1 = {
			isa = PBXGroup;
			children = (
				BCD5365D25ABF9B3002166E1 /* LocalizationHelperDemo */,
				BCD5365C25ABF9B3002166E1 /* Products */,
				4E3748A917A37163D7736D33 /* Pods */,
				E55836052F77EB59C65458D3 /* Frameworks */,
			);
			sourceTree = "<group>";
		};
		BCD5365C25ABF9B3002166E1 /* Products */ = {
			isa = PBXGroup;
			children = (
				BCD5365B25ABF9B3002166E1 /* LocalizationHelperDemo.app */,
			);
			name = Products;
			sourceTree = "<group>";
		};
		BCD5365D25ABF9B3002166E1 /* LocalizationHelperDemo */ = {
			isa = PBXGroup;
			children = (
				BCD5365E25ABF9B3002166E1 /* AppDelegate.swift */,
				BCD5366025ABF9B3002166E1 /* SceneDelegate.swift */,
				BCD5366225ABF9B3002166E1 /* ViewController.swift */,
				BCD5368F25AC02EE002166E1 /* Resources */,
			);
			path = LocalizationHelperDemo;
			sourceTree = "<group>";
		};
		BCD5368F25AC02EE002166E1 /* Resources */ = {
			isa = PBXGroup;
			children = (
				BCD5366725ABF9B5002166E1 /* Assets.xcassets */,
				BCD5366925ABF9B5002166E1 /* LaunchScreen.storyboard */,
				BCD5366C25ABF9B5002166E1 /* Info.plist */,
			);
			name = Resources;
			sourceTree = "<group>";
		};
		E55836052F77EB59C65458D3 /* Frameworks */ = {
			isa = PBXGroup;
			children = (
				A2FB9932DFB11022B0C2AFDF /* Pods_LocalizationHelperDemo.framework */,
			);
			name = Frameworks;
			sourceTree = "<group>";
		};
/* End PBXGroup section */

/* Begin PBXNativeTarget section */
		BCD5365A25ABF9B3002166E1 /* LocalizationHelperDemo */ = {
			isa = PBXNativeTarget;
			buildConfigurationList = BCD5366F25ABF9B5002166E1 /* Build configuration list for PBXNativeTarget "LocalizationHelperDemo" */;
			buildPhases = (
				AF0949BB3312441011E29378 /* [CP] Check Pods Manifest.lock */,
				BCD5365725ABF9B3002166E1 /* Sources */,
				BCD5365825ABF9B3002166E1 /* Frameworks */,
				BCD5365925ABF9B3002166E1 /* Resources */,
				C83CBE7F76A5386B7A8C1632 /* [CP] Embed Pods Frameworks */,
			);
			buildRules = (
			);
			dependencies = (
			);
			name = LocalizationHelperDemo;
			productName = LocalizationHelperDemo;
			productReference = BCD5365B25ABF9B3002166E1 /* LocalizationHelperDemo.app */;
			productType = "com.apple.product-type.application";
		};
/* End PBXNativeTarget section */

/* Begin PBXProject section */
		BCD5365325ABF9B3002166E1 /* Project object */ = {
			isa = PBXProject;
			attributes = {
				LastSwiftUpdateCheck = 1230;
				LastUpgradeCheck = 1230;
				TargetAttributes = {
					BCD5365A25ABF9B3002166E1 = {
						CreatedOnToolsVersion = 12.3;
					};
				};
			};
			buildConfigurationList = BCD5365625ABF9B3002166E1 /* Build configuration list for PBXProject "LocalizationHelperDemo" */;
			compatibilityVersion = "Xcode 9.3";
			developmentRegion = en;
			hasScannedForEncodings = 0;
			knownRegions = (
				en,
				Base,
			);
			mainGroup = BCD5365225ABF9B3002166E1;
			productRefGroup = BCD5365C25ABF9B3002166E1 /* Products */;
			projectDirPath = "";
			projectRoot = "";
			targets = (
				BCD5365A25ABF9B3002166E1 /* LocalizationHelperDemo */,
			);
		};
/* End PBXProject section */

/* Begin PBXResourcesBuildPhase section */
		BCD5365925ABF9B3002166E1 /* Resources */ = {
			isa = PBXResourcesBuildPhase;
			buildActionMask = 2147483647;
			files = (
				BCD5366B25ABF9B5002166E1 /* LaunchScreen.storyboard in Resources */,
				BCD5366825ABF9B5002166E1 /* Assets.xcassets in Resources */,
			);
			runOnlyForDeploymentPostprocessing = 0;
		};
/* End PBXResourcesBuildPhase section */

/* Begin PBXShellScriptBuildPhase section */
		AF0949BB3312441011E29378 /* [CP] Check Pods Manifest.lock */ = {
			isa = PBXShellScriptBuildPhase;
			buildActionMask = 2147483647;
			files = (
			);
			inputFileListPaths = (
			);
			inputPaths = (
				"${PODS_PODFILE_DIR_PATH}/Podfile.lock",
				"${PODS_ROOT}/Manifest.lock",
			);
			name = "[CP] Check Pods Manifest.lock";
			outputFileListPaths = (
			);
			outputPaths = (
				"$(DERIVED_FILE_DIR)/Pods-LocalizationHelperDemo-checkManifestLockResult.txt",
			);
			runOnlyForDeploymentPostprocessing = 0;
			shellPath = /bin/sh;
			shellScript = "diff \"${PODS_PODFILE_DIR_PATH}/Podfile.lock\" \"${PODS_ROOT}/Manifest.lock\" > /dev/null\nif [ $? != 0 ] ; then\n    # print error to STDERR\n    echo \"error: The sandbox is not in sync with the Podfile.lock. Run 'pod install' or update your CocoaPods installation.\" >&2\n    exit 1\nfi\n# This output is used by Xcode 'outputs' to avoid re-running this script phase.\necho \"SUCCESS\" > \"${SCRIPT_OUTPUT_FILE_0}\"\n";
			showEnvVarsInLog = 0;
		};
		C83CBE7F76A5386B7A8C1632 /* [CP] Embed Pods Frameworks */ = {
			isa = PBXShellScriptBuildPhase;
			buildActionMask = 2147483647;
			files = (
			);
			inputFileListPaths = (
				"${PODS_ROOT}/Target Support Files/Pods-LocalizationHelperDemo/Pods-LocalizationHelperDemo-frameworks-${CONFIGURATION}-input-files.xcfilelist",
			);
			name = "[CP] Embed Pods Frameworks";
			outputFileListPaths = (
				"${PODS_ROOT}/Target Support Files/Pods-LocalizationHelperDemo/Pods-LocalizationHelperDemo-frameworks-${CONFIGURATION}-output-files.xcfilelist",
			);
			runOnlyForDeploymentPostprocessing = 0;
			shellPath = /bin/sh;
			shellScript = "\"${PODS_ROOT}/Target Support Files/Pods-LocalizationHelperDemo/Pods-LocalizationHelperDemo-frameworks.sh\"\n";
			showEnvVarsInLog = 0;
		};
/* End PBXShellScriptBuildPhase section */

/* Begin PBXSourcesBuildPhase section */
		BCD5365725ABF9B3002166E1 /* Sources */ = {
			isa = PBXSourcesBuildPhase;
			buildActionMask = 2147483647;
			files = (
				BCD5366325ABF9B3002166E1 /* ViewController.swift in Sources */,
				BCD5365F25ABF9B3002166E1 /* AppDelegate.swift in Sources */,
				BCD5366125ABF9B3002166E1 /* SceneDelegate.swift in Sources */,
			);
			runOnlyForDeploymentPostprocessing = 0;
		};
/* End PBXSourcesBuildPhase section */

/* Begin PBXVariantGroup section */
		BCD5366925ABF9B5002166E1 /* LaunchScreen.storyboard */ = {
			isa = PBXVariantGroup;
			children = (
				BCD5366A25ABF9B5002166E1 /* Base */,
			);
			name = LaunchScreen.storyboard;
			sourceTree = "<group>";
		};
/* End PBXVariantGroup section */

/* Begin XCBuildConfiguration section */
		BCD5366D25ABF9B5002166E1 /* Debug */ = {
			isa = XCBuildConfiguration;
			buildSettings = {
				ALWAYS_SEARCH_USER_PATHS = NO;
				CLANG_ANALYZER_NONNULL = YES;
				CLANG_ANALYZER_NUMBER_OBJECT_CONVERSION = YES_AGGRESSIVE;
				CLANG_CXX_LANGUAGE_STANDARD = "gnu++14";
				CLANG_CXX_LIBRARY = "libc++";
				CLANG_ENABLE_MODULES = YES;
				CLANG_ENABLE_OBJC_ARC = YES;
				CLANG_ENABLE_OBJC_WEAK = YES;
				CLANG_WARN_BLOCK_CAPTURE_AUTORELEASING = YES;
				CLANG_WARN_BOOL_CONVERSION = YES;
				CLANG_WARN_COMMA = YES;
				CLANG_WARN_CONSTANT_CONVERSION = YES;
				CLANG_WARN_DEPRECATED_OBJC_IMPLEMENTATIONS = YES;
				CLANG_WARN_DIRECT_OBJC_ISA_USAGE = YES_ERROR;
				CLANG_WARN_DOCUMENTATION_COMMENTS = YES;
				CLANG_WARN_EMPTY_BODY = YES;
				CLANG_WARN_ENUM_CONVERSION = YES;
				CLANG_WARN_INFINITE_RECURSION = YES;
				CLANG_WARN_INT_CONVERSION = YES;
				CLANG_WARN_NON_LITERAL_NULL_CONVERSION = YES;
				CLANG_WARN_OBJC_IMPLICIT_RETAIN_SELF = YES;
				CLANG_WARN_OBJC_LITERAL_CONVERSION = YES;
				CLANG_WARN_OBJC_ROOT_CLASS = YES_ERROR;
				CLANG_WARN_QUOTED_INCLUDE_IN_FRAMEWORK_HEADER = YES;
				CLANG_WARN_RANGE_LOOP_ANALYSIS = YES;
				CLANG_WARN_STRICT_PROTOTYPES = YES;
				CLANG_WARN_SUSPICIOUS_MOVE = YES;
				CLANG_WARN_UNGUARDED_AVAILABILITY = YES_AGGRESSIVE;
				CLANG_WARN_UNREACHABLE_CODE = YES;
				CLANG_WARN__DUPLICATE_METHOD_MATCH = YES;
				COPY_PHASE_STRIP = NO;
				DEBUG_INFORMATION_FORMAT = dwarf;
				ENABLE_STRICT_OBJC_MSGSEND = YES;
				ENABLE_TESTABILITY = YES;
				GCC_C_LANGUAGE_STANDARD = gnu11;
				GCC_DYNAMIC_NO_PIC = NO;
				GCC_NO_COMMON_BLOCKS = YES;
				GCC_OPTIMIZATION_LEVEL = 0;
				GCC_PREPROCESSOR_DEFINITIONS = (
					"DEBUG=1",
					"$(inherited)",
				);
				GCC_WARN_64_TO_32_BIT_CONVERSION = YES;
				GCC_WARN_ABOUT_RETURN_TYPE = YES_ERROR;
				GCC_WARN_UNDECLARED_SELECTOR = YES;
				GCC_WARN_UNINITIALIZED_AUTOS = YES_AGGRESSIVE;
				GCC_WARN_UNUSED_FUNCTION = YES;
				GCC_WARN_UNUSED_VARIABLE = YES;
				IPHONEOS_DEPLOYMENT_TARGET = 14.3;
				MTL_ENABLE_DEBUG_INFO = INCLUDE_SOURCE;
				MTL_FAST_MATH = YES;
				ONLY_ACTIVE_ARCH = YES;
				SDKROOT = iphoneos;
				SWIFT_ACTIVE_COMPILATION_CONDITIONS = DEBUG;
				SWIFT_OPTIMIZATION_LEVEL = "-Onone";
			};
			name = Debug;
		};
		BCD5366E25ABF9B5002166E1 /* Release */ = {
			isa = XCBuildConfiguration;
			buildSettings = {
				ALWAYS_SEARCH_USER_PATHS = NO;
				CLANG_ANALYZER_NONNULL = YES;
				CLANG_ANALYZER_NUMBER_OBJECT_CONVERSION = YES_AGGRESSIVE;
				CLANG_CXX_LANGUAGE_STANDARD = "gnu++14";
				CLANG_CXX_LIBRARY = "libc++";
				CLANG_ENABLE_MODULES = YES;
				CLANG_ENABLE_OBJC_ARC = YES;
				CLANG_ENABLE_OBJC_WEAK = YES;
				CLANG_WARN_BLOCK_CAPTURE_AUTORELEASING = YES;
				CLANG_WARN_BOOL_CONVERSION = YES;
				CLANG_WARN_COMMA = YES;
				CLANG_WARN_CONSTANT_CONVERSION = YES;
				CLANG_WARN_DEPRECATED_OBJC_IMPLEMENTATIONS = YES;
				CLANG_WARN_DIRECT_OBJC_ISA_USAGE = YES_ERROR;
				CLANG_WARN_DOCUMENTATION_COMMENTS = YES;
				CLANG_WARN_EMPTY_BODY = YES;
				CLANG_WARN_ENUM_CONVERSION = YES;
				CLANG_WARN_INFINITE_RECURSION = YES;
				CLANG_WARN_INT_CONVERSION = YES;
				CLANG_WARN_NON_LITERAL_NULL_CONVERSION = YES;
				CLANG_WARN_OBJC_IMPLICIT_RETAIN_SELF = YES;
				CLANG_WARN_OBJC_LITERAL_CONVERSION = YES;
				CLANG_WARN_OBJC_ROOT_CLASS = YES_ERROR;
				CLANG_WARN_QUOTED_INCLUDE_IN_FRAMEWORK_HEADER = YES;
				CLANG_WARN_RANGE_LOOP_ANALYSIS = YES;
				CLANG_WARN_STRICT_PROTOTYPES = YES;
				CLANG_WARN_SUSPICIOUS_MOVE = YES;
				CLANG_WARN_UNGUARDED_AVAILABILITY = YES_AGGRESSIVE;
				CLANG_WARN_UNREACHABLE_CODE = YES;
				CLANG_WARN__DUPLICATE_METHOD_MATCH = YES;
				COPY_PHASE_STRIP = NO;
				DEBUG_INFORMATION_FORMAT = "dwarf-with-dsym";
				ENABLE_NS_ASSERTIONS = NO;
				ENABLE_STRICT_OBJC_MSGSEND = YES;
				GCC_C_LANGUAGE_STANDARD = gnu11;
				GCC_NO_COMMON_BLOCKS = YES;
				GCC_WARN_64_TO_32_BIT_CONVERSION = YES;
				GCC_WARN_ABOUT_RETURN_TYPE = YES_ERROR;
				GCC_WARN_UNDECLARED_SELECTOR = YES;
				GCC_WARN_UNINITIALIZED_AUTOS = YES_AGGRESSIVE;
				GCC_WARN_UNUSED_FUNCTION = YES;
				GCC_WARN_UNUSED_VARIABLE = YES;
				IPHONEOS_DEPLOYMENT_TARGET = 14.3;
				MTL_ENABLE_DEBUG_INFO = NO;
				MTL_FAST_MATH = YES;
				SDKROOT = iphoneos;
				SWIFT_COMPILATION_MODE = wholemodule;
				SWIFT_OPTIMIZATION_LEVEL = "-O";
				VALIDATE_PRODUCT = YES;
			};
			name = Release;
		};
		BCD5367025ABF9B5002166E1 /* Debug */ = {
			isa = XCBuildConfiguration;
			baseConfigurationReference = E2A1B4EC0548FE43B40918F6 /* Pods-LocalizationHelperDemo.debug.xcconfig */;
			buildSettings = {
				ASSETCATALOG_COMPILER_APPICON_NAME = AppIcon;
				ASSETCATALOG_COMPILER_GLOBAL_ACCENT_COLOR_NAME = AccentColor;
				CODE_SIGN_STYLE = Automatic;
				DEVELOPMENT_TEAM = QPW4XRTF2N;
				INFOPLIST_FILE = LocalizationHelperDemo/Info.plist;
				LD_RUNPATH_SEARCH_PATHS = (
					"$(inherited)",
					"@executable_path/Frameworks",
				);
				PRODUCT_BUNDLE_IDENTIFIER = info.bigears.LocalizationHelperDemo;
				PRODUCT_NAME = "$(TARGET_NAME)";
				SWIFT_VERSION = 5.0;
				TARGETED_DEVICE_FAMILY = "1,2";
			};
			name = Debug;
		};
		BCD5367125ABF9B5002166E1 /* Release */ = {
			isa = XCBuildConfiguration;
			baseConfigurationReference = A5C447DCEB09E194C74A3844 /* Pods-LocalizationHelperDemo.release.xcconfig */;
			buildSettings = {
				ASSETCATALOG_COMPILER_APPICON_NAME = AppIcon;
				ASSETCATALOG_COMPILER_GLOBAL_ACCENT_COLOR_NAME = AccentColor;
				CODE_SIGN_STYLE = Automatic;
				DEVELOPMENT_TEAM = QPW4XRTF2N;
				INFOPLIST_FILE = LocalizationHelperDemo/Info.plist;
				LD_RUNPATH_SEARCH_PATHS = (
					"$(inherited)",
					"@executable_path/Frameworks",
				);
				PRODUCT_BUNDLE_IDENTIFIER = info.bigears.LocalizationHelperDemo;
				PRODUCT_NAME = "$(TARGET_NAME)";
				SWIFT_VERSION = 5.0;
				TARGETED_DEVICE_FAMILY = "1,2";
			};
			name = Release;
		};
/* End XCBuildConfiguration section */

/* Begin XCConfigurationList section */
		BCD5365625ABF9B3002166E1 /* Build configuration list for PBXProject "LocalizationHelperDemo" */ = {
			isa = XCConfigurationList;
			buildConfigurations = (
				BCD5366D25ABF9B5002166E1 /* Debug */,
				BCD5366E25ABF9B5002166E1 /* Release */,
			);
			defaultConfigurationIsVisible = 0;
			defaultConfigurationName = Release;
		};
		BCD5366F25ABF9B5002166E1 /* Build configuration list for PBXNativeTarget "LocalizationHelperDemo" */ = {
			isa = XCConfigurationList;
			buildConfigurations = (
				BCD5367025ABF9B5002166E1 /* Debug */,
				BCD5367125ABF9B5002166E1 /* Release */,
			);
			defaultConfigurationIsVisible = 0;
			defaultConfigurationName = Release;
		};
/* End XCConfigurationList section */
	};
	rootObject = BCD5365325ABF9B3002166E1 /* Project object */;
}
